
Microsoft Visual Studio Solution File, Format Version 12.00
# Visual Studio 15
Project("{FAE04EC0-301F-11D3-BF4B-00C04F79EFBC}") = "Assembly-CSharp", "Assembly-CSharp.csproj", "{D332E027-83F2-D3AB-4E85-EABADA6B08DC}"
EndProject
Project("{FAE04EC0-301F-11D3-BF4B-00C04F79EFBC}") = "Assembly-CSharp-Editor", "Assembly-CSharp-Editor.csproj", "{1E51D87F-FB16-A3FC-1657-9A4306F45975}"
EndProject
Global
	GlobalSection(SolutionConfigurationPlatforms) = preSolution
		Debug|Any CPU = Debug|Any CPU
		Release|Any CPU = Release|Any CPU
	EndGlobalSection
	GlobalSection(ProjectConfigurationPlatforms) = postSolution
		{D332E027-83F2-D3AB-4E85-EABADA6B08DC}.Debug|Any CPU.ActiveCfg = Debug|Any CPU
		{D332E027-83F2-D3AB-4E85-EABADA6B08DC}.Debug|Any CPU.Build.0 = Debug|Any CPU
		{D332E027-83F2-D3AB-4E85-EABADA6B08DC}.Release|Any CPU.ActiveCfg = Release|Any CPU
		{D332E027-83F2-D3AB-4E85-EABADA6B08DC}.Release|Any CPU.Build.0 = Release|Any CPU
		{1E51D87F-FB16-A3FC-1657-9A4306F45975}.Debug|Any CPU.ActiveCfg = Debug|Any CPU
		{1E51D87F-FB16-A3FC-1657-9A4306F45975}.Debug|Any CPU.Build.0 = Debug|Any CPU
		{1E51D87F-FB16-A3FC-1657-9A4306F45975}.Release|Any CPU.ActiveCfg = Release|Any CPU
		{1E51D87F-FB16-A3FC-1657-9A4306F45975}.Release|Any CPU.Build.0 = Release|Any CPU
	EndGlobalSection
	GlobalSection(SolutionProperties) = preSolution
		HideSolutionNode = FALSE
	EndGlobalSection
EndGlobal
